
Microsoft Visual Studio Solution File, Format Version 12.00
# Visual Studio 2013
VisualStudioVersion = 12.0.21005.1
MinimumVisualStudioVersion = 10.0.40219.1
Project("{FAE04EC0-301F-11D3-BF4B-00C04F79EFBC}") = "DnaMais.Atento.Web", "DnaMais.Atento.Web\DnaMais.Atento.Web.csproj", "{B49B270A-97A5-46B7-9B9D-ADFFE9B79BF9}"
EndProject
Project("{FAE04EC0-301F-11D3-BF4B-00C04F79EFBC}") = "DNAMais.Atento.WsControleArquivo", "..\DNAMais.Atento.WsControleArquivo\DNAMais.Atento.WsControleArquivo.csproj", "{3E9D78B6-F297-4633-9228-DB67A13B66DC}"
EndProject
Global
	GlobalSection(SolutionConfigurationPlatforms) = preSolution
		Debug|Any CPU = Debug|Any CPU
		Release|Any CPU = Release|Any CPU
	EndGlobalSection
	GlobalSection(ProjectConfigurationPlatforms) = postSolution
		{B49B270A-97A5-46B7-9B9D-ADFFE9B79BF9}.Debug|Any CPU.ActiveCfg = Debug|Any CPU
		{B49B270A-97A5-46B7-9B9D-ADFFE9B79BF9}.Debug|Any CPU.Build.0 = Debug|Any CPU
		{B49B270A-97A5-46B7-9B9D-ADFFE9B79BF9}.Release|Any CPU.ActiveCfg = Release|Any CPU
		{B49B270A-97A5-46B7-9B9D-ADFFE9B79BF9}.Release|Any CPU.Build.0 = Release|Any CPU
		{3E9D78B6-F297-4633-9228-DB67A13B66DC}.Debug|Any CPU.ActiveCfg = Debug|Any CPU
		{3E9D78B6-F297-4633-9228-DB67A13B66DC}.Debug|Any CPU.Build.0 = Debug|Any CPU
		{3E9D78B6-F297-4633-9228-DB67A13B66DC}.Release|Any CPU.ActiveCfg = Release|Any CPU
		{3E9D78B6-F297-4633-9228-DB67A13B66DC}.Release|Any CPU.Build.0 = Release|Any CPU
	EndGlobalSection
	GlobalSection(SolutionProperties) = preSolution
		HideSolutionNode = FALSE
	EndGlobalSection
EndGlobal
